<?xml version="1.0" encoding="utf-8"?>
<Project ToolsVersion="4.0" xmlns="http://schemas.microsoft.com/developer/msbuild/2003">
  <ItemGroup>
    <ClCompile Include="game.cpp" />
    <ClCompile Include="GameObject.cpp" />
    <ClCompile Include="Inputs.cpp" />
    <ClCompile Include="stdafx.cpp" />
    <ClCompile Include="AnimatedGameObject.cpp">
      <Filter>Animations</Filter>
    </ClCompile>
    <ClCompile Include="Animation.cpp">
      <Filter>Animations</Filter>
    </ClCompile>
    <ClCompile Include="AnimationFrame.cpp">
      <Filter>Animations</Filter>
    </ClCompile>
    <ClCompile Include="BossAnimation.cpp">
      <Filter>Animations\Character-Animations</Filter>
    </ClCompile>
    <ClCompile Include="EnemyAnimation.cpp">
      <Filter>Animations\Character-Animations</Filter>
    </ClCompile>
    <ClCompile Include="InputBasedAnimation.cpp">
      <Filter>Animations</Filter>
    </ClCompile>
    <ClCompile Include="CyclicAnimation.cpp">
      <Filter>Animations</Filter>
    </ClCompile>
    <ClCompile Include="ShipAnimation.cpp">
      <Filter>Animations\Character-Animations</Filter>
    </ClCompile>
    <ClCompile Include="LeaderboardScene.cpp">
      <Filter>Scene\LeaderboardScene</Filter>
    </ClCompile>
    <ClCompile Include="LinearAnimation.cpp">
      <Filter>Animations</Filter>
    </ClCompile>
    <ClCompile Include="Scene.cpp">
      <Filter>Scene</Filter>
    </ClCompile>
    <ClCompile Include="Publisher.cpp">
      <Filter>PubSub</Filter>
    </ClCompile>
    <ClCompile Include="TitleScene.cpp">
      <Filter>Scene\TitleScene</Filter>
    </ClCompile>
    <ClCompile Include="TitleScreenContentManager.cpp">
      <Filter>Scene\TitleScene</Filter>
    </ClCompile>
    <ClCompile Include="Bullet.cpp">
      <Filter>Projectiles</Filter>
    </ClCompile>
    <ClCompile Include="EnemyBullet.cpp">
      <Filter>Projectiles</Filter>
    </ClCompile>
    <ClCompile Include="PlayerBullet.cpp">
      <Filter>Projectiles</Filter>
    </ClCompile>
    <ClCompile Include="GameScene.cpp">
      <Filter>Scene\GameScene</Filter>
    </ClCompile>
    <ClCompile Include="Hud.cpp">
      <Filter>Hud</Filter>
    </ClCompile>
    <ClCompile Include="Bonus.cpp">
      <Filter>Bonus</Filter>
    </ClCompile>
    <ClCompile Include="HealthBonus.cpp">
      <Filter>Bonus</Filter>
    </ClCompile>
    <ClCompile Include="WeaponBonus.cpp">
      <Filter>Bonus</Filter>
    </ClCompile>
    <ClCompile Include="Boss.cpp">
      <Filter>Actors</Filter>
    </ClCompile>
    <ClCompile Include="Player.cpp">
      <Filter>Actors</Filter>
    </ClCompile>
    <ClCompile Include="Enemy.cpp">
      <Filter>Actors</Filter>
    </ClCompile>
    <ClCompile Include="Canon.cpp">
      <Filter>Actors</Filter>
    </ClCompile>
  </ItemGroup>
  <ItemGroup>
    <ClInclude Include="Event.h" />
    <ClInclude Include="game.h" />
    <ClInclude Include="GameObject.h" />
    <ClInclude Include="Inputs.h" />
    <ClInclude Include="stdafx.h" />
    <ClInclude Include="targetver.h" />
    <ClInclude Include="AnimatedGameObject.h">
      <Filter>Animations</Filter>
    </ClInclude>
    <ClInclude Include="Animation.h">
      <Filter>Animations</Filter>
    </ClInclude>
    <ClInclude Include="AnimationFrame.h">
      <Filter>Animations</Filter>
    </ClInclude>
    <ClInclude Include="AnimationState.h">
      <Filter>Animations</Filter>
    </ClInclude>
    <ClInclude Include="BossAnimation.h">
      <Filter>Animations\Character-Animations</Filter>
    </ClInclude>
    <ClInclude Include="EnemyAnimation.h">
      <Filter>Animations\Character-Animations</Filter>
    </ClInclude>
    <ClInclude Include="InputBasedAnimation.h">
      <Filter>Animations</Filter>
    </ClInclude>
    <ClInclude Include="CyclicAnimation.h">
      <Filter>Animations</Filter>
    </ClInclude>
    <ClInclude Include="ShipAnimation.h">
      <Filter>Animations\Character-Animations</Filter>
    </ClInclude>
    <ClInclude Include="LeaderboardScene.h">
      <Filter>Scene\LeaderboardScene</Filter>
    </ClInclude>
    <ClInclude Include="LinearAnimation.h">
      <Filter>Animations</Filter>
    </ClInclude>
    <ClInclude Include="Scene.h">
      <Filter>Scene</Filter>
    </ClInclude>
    <ClInclude Include="SceneResult.h">
      <Filter>Scene</Filter>
    </ClInclude>
    <ClInclude Include="scenetype.h">
      <Filter>Scene</Filter>
    </ClInclude>
    <ClInclude Include="Subscriber.h">
      <Filter>PubSub</Filter>
    </ClInclude>
    <ClInclude Include="Publisher.h">
      <Filter>PubSub</Filter>
    </ClInclude>
    <ClInclude Include="ActorType.h">
      <Filter>PubSub</Filter>
    </ClInclude>
    <ClInclude Include="TitleScene.h">
      <Filter>Scene\TitleScene</Filter>
    </ClInclude>
    <ClInclude Include="TitleScreenContentManager.h">
      <Filter>Scene\TitleScene</Filter>
    </ClInclude>
    <ClInclude Include="resource.h" />
    <ClInclude Include="Bullet.h">
      <Filter>Projectiles</Filter>
    </ClInclude>
    <ClInclude Include="EnemyBullet.h">
      <Filter>Projectiles</Filter>
    </ClInclude>
    <ClInclude Include="PlayerBullet.h">
      <Filter>Projectiles</Filter>
    </ClInclude>
    <ClInclude Include="GameScene.h">
      <Filter>Scene\GameScene</Filter>
    </ClInclude>
    <ClInclude Include="Hud.h">
      <Filter>Hud</Filter>
    </ClInclude>
    <ClInclude Include="Bonus.h">
      <Filter>Bonus</Filter>
    </ClInclude>
    <ClInclude Include="HealthBonus.h">
      <Filter>Bonus</Filter>
    </ClInclude>
    <ClInclude Include="WeaponBonus.h">
      <Filter>Bonus</Filter>
    </ClInclude>
    <ClInclude Include="Player.h">
      <Filter>Actors</Filter>
    </ClInclude>
    <ClInclude Include="Boss.h">
      <Filter>Actors</Filter>
    </ClInclude>
    <ClInclude Include="Enemy.h">
      <Filter>Actors</Filter>
    </ClInclude>
    <ClInclude Include="Canon.h">
      <Filter>Actors</Filter>
    </ClInclude>
  </ItemGroup>
  <ItemGroup>
    <CopyFileToFolders Include="..\extern\SFML\bin\openal32.dll" />
    <CopyFileToFolders Include="..\extern\SFML\bin\sfml-audio-2.dll" />
    <CopyFileToFolders Include="..\extern\SFML\bin\sfml-audio-d-2.dll" />
    <CopyFileToFolders Include="..\extern\SFML\bin\sfml-graphics-2.dll" />
    <CopyFileToFolders Include="..\extern\SFML\bin\sfml-graphics-d-2.dll" />
    <CopyFileToFolders Include="..\extern\SFML\bin\sfml-network-2.dll" />
    <CopyFileToFolders Include="..\extern\SFML\bin\sfml-network-d-2.dll" />
    <CopyFileToFolders Include="..\extern\SFML\bin\sfml-system-2.dll" />
    <CopyFileToFolders Include="..\extern\SFML\bin\sfml-system-d-2.dll" />
    <CopyFileToFolders Include="..\extern\SFML\bin\sfml-window-2.dll" />
    <CopyFileToFolders Include="..\extern\SFML\bin\sfml-window-d-2.dll" />
  </ItemGroup>
  <ItemGroup>
    <Filter Include="Animations">
      <UniqueIdentifier>{ce108a47-e53a-44fd-877a-6c5944f43613}</UniqueIdentifier>
    </Filter>
    <Filter Include="Animations\Character-Animations">
      <UniqueIdentifier>{aecf49de-fa14-4ca9-9028-fd82f14e2415}</UniqueIdentifier>
    </Filter>
    <Filter Include="Scene">
      <UniqueIdentifier>{dfec258a-4145-49b2-b976-0a752ff0c0a2}</UniqueIdentifier>
    </Filter>
    <Filter Include="PubSub">
      <UniqueIdentifier>{03e1d8e0-498f-4cb6-ac31-0e02cd76e265}</UniqueIdentifier>
    </Filter>
    <Filter Include="Scene\TitleScene">
      <UniqueIdentifier>{ffd289aa-ec76-4832-b6a7-65d0a8e4969e}</UniqueIdentifier>
    </Filter>
    <Filter Include="Scene\LeaderboardScene">
      <UniqueIdentifier>{67b0dec5-40c7-429b-b146-256e2a698920}</UniqueIdentifier>
    </Filter>
    <Filter Include="Projectiles">
      <UniqueIdentifier>{12797e12-82fe-4de0-b640-24c2c9ad94af}</UniqueIdentifier>
    </Filter>
    <Filter Include="Scene\GameScene">
      <UniqueIdentifier>{070556b8-aab8-4deb-9e00-05cda69748c0}</UniqueIdentifier>
    </Filter>
    <Filter Include="Hud">
      <UniqueIdentifier>{6f8e395e-5f32-46b9-ac4a-096e83b9cd34}</UniqueIdentifier>
    </Filter>
    <Filter Include="Actors">
      <UniqueIdentifier>{9e242b82-d561-4b20-8383-5a49a3fc8794}</UniqueIdentifier>
    </Filter>
    <Filter Include="Bonus">
      <UniqueIdentifier>{e8b1909b-4945-43d3-9aae-917491b27c63}</UniqueIdentifier>
    </Filter>
  </ItemGroup>
</Project>